// !$*UTF8*$!
{
	archiveVersion = 1;
	classes = {
	};
	objectVersion = 50;
	objects = {

/* Begin PBXBuildFile section */
		9A210B3928EC97CD00254408 /* DiceViewController.swift in Sources */ = {isa = PBXBuildFile; fileRef = 9A210B3828EC97CD00254408 /* DiceViewController.swift */; };
		9A46CF4728DD90E400118863 /* AppDelegate.swift in Sources */ = {isa = PBXBuildFile; fileRef = 9A46CF4628DD90E400118863 /* AppDelegate.swift */; };
		9A46CF5028DD90E600118863 /* Assets.xcassets in Resources */ = {isa = PBXBuildFile; fileRef = 9A46CF4F28DD90E600118863 /* Assets.xcassets */; };
		9A46CF5328DD90E600118863 /* LaunchScreen.storyboard in Resources */ = {isa = PBXBuildFile; fileRef = 9A46CF5128DD90E600118863 /* LaunchScreen.storyboard */; };
		9A46CF5B28DD954E00118863 /* NewGameViewController.swift in Sources */ = {isa = PBXBuildFile; fileRef = 9A46CF5A28DD954E00118863 /* NewGameViewController.swift */; };
		9A46CF5F28DD9A6300118863 /* Colors.swift in Sources */ = {isa = PBXBuildFile; fileRef = 9A46CF5E28DD9A6300118863 /* Colors.swift */; };
		9A46CF6A28DDB72200118863 /* Nunito-Black.ttf in Resources */ = {isa = PBXBuildFile; fileRef = 9A46CF6128DDB72200118863 /* Nunito-Black.ttf */; };
		9A46CF6B28DDB72200118863 /* Nunito-Light.ttf in Resources */ = {isa = PBXBuildFile; fileRef = 9A46CF6228DDB72200118863 /* Nunito-Light.ttf */; };
		9A46CF6C28DDB72200118863 /* Nunito-ExtraBold.ttf in Resources */ = {isa = PBXBuildFile; fileRef = 9A46CF6328DDB72200118863 /* Nunito-ExtraBold.ttf */; };
		9A46CF6D28DDB72200118863 /* Nunito-Bold.ttf in Resources */ = {isa = PBXBuildFile; fileRef = 9A46CF6428DDB72200118863 /* Nunito-Bold.ttf */; };
		9A46CF6E28DDB72200118863 /* Nunito-Regular.ttf in Resources */ = {isa = PBXBuildFile; fileRef = 9A46CF6528DDB72200118863 /* Nunito-Regular.ttf */; };
		9A46CF6F28DDB72200118863 /* Nunito-VariableFont_wght.ttf in Resources */ = {isa = PBXBuildFile; fileRef = 9A46CF6628DDB72200118863 /* Nunito-VariableFont_wght.ttf */; };
		9A46CF7028DDB72200118863 /* Nunito-ExtraLight.ttf in Resources */ = {isa = PBXBuildFile; fileRef = 9A46CF6728DDB72200118863 /* Nunito-ExtraLight.ttf */; };
		9A46CF7128DDB72200118863 /* Nunito-SemiBold.ttf in Resources */ = {isa = PBXBuildFile; fileRef = 9A46CF6828DDB72200118863 /* Nunito-SemiBold.ttf */; };
		9A46CF7228DDB72200118863 /* Nunito-Medium.ttf in Resources */ = {isa = PBXBuildFile; fileRef = 9A46CF6928DDB72200118863 /* Nunito-Medium.ttf */; };
		9A46CF7428DE2F4300118863 /* PlayerTableViewCell.swift in Sources */ = {isa = PBXBuildFile; fileRef = 9A46CF7328DE2F4300118863 /* PlayerTableViewCell.swift */; };
		9A6CF42628DEE9800019652D /* GameButton.swift in Sources */ = {isa = PBXBuildFile; fileRef = 9A6CF42528DEE9800019652D /* GameButton.swift */; };
		9A6CF42828DEF3DE0019652D /* PlayerModel.swift in Sources */ = {isa = PBXBuildFile; fileRef = 9A6CF42728DEF3DE0019652D /* PlayerModel.swift */; };
		9A6CF42A28DF2EFF0019652D /* AddPlayerViewController.swift in Sources */ = {isa = PBXBuildFile; fileRef = 9A6CF42928DF2EFF0019652D /* AddPlayerViewController.swift */; };
		9A6CF42C28DF3B050019652D /* PlayerNameTextField.swift in Sources */ = {isa = PBXBuildFile; fileRef = 9A6CF42B28DF3B050019652D /* PlayerNameTextField.swift */; };
		9A6D5F7328EF16AA003BBF4A /* ScoreHandling.swift in Sources */ = {isa = PBXBuildFile; fileRef = 9A6D5F7228EF16AA003BBF4A /* ScoreHandling.swift */; };
		9A6E4D9128E31D85003EC80F /* GameViewController.swift in Sources */ = {isa = PBXBuildFile; fileRef = 9A6E4D9028E31D85003EC80F /* GameViewController.swift */; };
		9A6E4D9328E32873003EC80F /* PlayerCollectionViewCell.swift in Sources */ = {isa = PBXBuildFile; fileRef = 9A6E4D9228E32873003EC80F /* PlayerCollectionViewCell.swift */; };
/* End PBXBuildFile section */

/* Begin PBXFileReference section */
		9A210B3828EC97CD00254408 /* DiceViewController.swift */ = {isa = PBXFileReference; lastKnownFileType = sourcecode.swift; path = DiceViewController.swift; sourceTree = "<group>"; };
		9A46CF4328DD90E400118863 /* GameCounter.app */ = {isa = PBXFileReference; explicitFileType = wrapper.application; includeInIndex = 0; path = GameCounter.app; sourceTree = BUILT_PRODUCTS_DIR; };
		9A46CF4628DD90E400118863 /* AppDelegate.swift */ = {isa = PBXFileReference; lastKnownFileType = sourcecode.swift; path = AppDelegate.swift; sourceTree = "<group>"; };
		9A46CF4F28DD90E600118863 /* Assets.xcassets */ = {isa = PBXFileReference; lastKnownFileType = folder.assetcatalog; path = Assets.xcassets; sourceTree = "<group>"; };
		9A46CF5228DD90E600118863 /* Base */ = {isa = PBXFileReference; lastKnownFileType = file.storyboard; name = Base; path = Base.lproj/LaunchScreen.storyboard; sourceTree = "<group>"; };
		9A46CF5428DD90E600118863 /* Info.plist */ = {isa = PBXFileReference; lastKnownFileType = text.plist.xml; path = Info.plist; sourceTree = "<group>"; };
		9A46CF5A28DD954E00118863 /* NewGameViewController.swift */ = {isa = PBXFileReference; lastKnownFileType = sourcecode.swift; path = NewGameViewController.swift; sourceTree = "<group>"; };
		9A46CF5E28DD9A6300118863 /* Colors.swift */ = {isa = PBXFileReference; lastKnownFileType = sourcecode.swift; path = Colors.swift; sourceTree = "<group>"; };
		9A46CF6128DDB72200118863 /* Nunito-Black.ttf */ = {isa = PBXFileReference; lastKnownFileType = file; path = "Nunito-Black.ttf"; sourceTree = "<group>"; };
		9A46CF6228DDB72200118863 /* Nunito-Light.ttf */ = {isa = PBXFileReference; lastKnownFileType = file; path = "Nunito-Light.ttf"; sourceTree = "<group>"; };
		9A46CF6328DDB72200118863 /* Nunito-ExtraBold.ttf */ = {isa = PBXFileReference; lastKnownFileType = file; path = "Nunito-ExtraBold.ttf"; sourceTree = "<group>"; };
		9A46CF6428DDB72200118863 /* Nunito-Bold.ttf */ = {isa = PBXFileReference; lastKnownFileType = file; path = "Nunito-Bold.ttf"; sourceTree = "<group>"; };
		9A46CF6528DDB72200118863 /* Nunito-Regular.ttf */ = {isa = PBXFileReference; lastKnownFileType = file; path = "Nunito-Regular.ttf"; sourceTree = "<group>"; };
		9A46CF6628DDB72200118863 /* Nunito-VariableFont_wght.ttf */ = {isa = PBXFileReference; lastKnownFileType = file; path = "Nunito-VariableFont_wght.ttf"; sourceTree = "<group>"; };
		9A46CF6728DDB72200118863 /* Nunito-ExtraLight.ttf */ = {isa = PBXFileReference; lastKnownFileType = file; path = "Nunito-ExtraLight.ttf"; sourceTree = "<group>"; };
		9A46CF6828DDB72200118863 /* Nunito-SemiBold.ttf */ = {isa = PBXFileReference; lastKnownFileType = file; path = "Nunito-SemiBold.ttf"; sourceTree = "<group>"; };
		9A46CF6928DDB72200118863 /* Nunito-Medium.ttf */ = {isa = PBXFileReference; lastKnownFileType = file; path = "Nunito-Medium.ttf"; sourceTree = "<group>"; };
		9A46CF7328DE2F4300118863 /* PlayerTableViewCell.swift */ = {isa = PBXFileReference; lastKnownFileType = sourcecode.swift; path = PlayerTableViewCell.swift; sourceTree = "<group>"; };
		9A6CF42528DEE9800019652D /* GameButton.swift */ = {isa = PBXFileReference; lastKnownFileType = sourcecode.swift; path = GameButton.swift; sourceTree = "<group>"; };
		9A6CF42728DEF3DE0019652D /* PlayerModel.swift */ = {isa = PBXFileReference; lastKnownFileType = sourcecode.swift; path = PlayerModel.swift; sourceTree = "<group>"; };
		9A6CF42928DF2EFF0019652D /* AddPlayerViewController.swift */ = {isa = PBXFileReference; lastKnownFileType = sourcecode.swift; path = AddPlayerViewController.swift; sourceTree = "<group>"; };
		9A6CF42B28DF3B050019652D /* PlayerNameTextField.swift */ = {isa = PBXFileReference; lastKnownFileType = sourcecode.swift; path = PlayerNameTextField.swift; sourceTree = "<group>"; };
		9A6D5F7228EF16AA003BBF4A /* ScoreHandling.swift */ = {isa = PBXFileReference; lastKnownFileType = sourcecode.swift; path = ScoreHandling.swift; sourceTree = "<group>"; };
		9A6E4D9028E31D85003EC80F /* GameViewController.swift */ = {isa = PBXFileReference; lastKnownFileType = sourcecode.swift; path = GameViewController.swift; sourceTree = "<group>"; };
		9A6E4D9228E32873003EC80F /* PlayerCollectionViewCell.swift */ = {isa = PBXFileReference; lastKnownFileType = sourcecode.swift; path = PlayerCollectionViewCell.swift; sourceTree = "<group>"; };
/* End PBXFileReference section */

/* Begin PBXFrameworksBuildPhase section */
		9A46CF4028DD90E400118863 /* Frameworks */ = {
			isa = PBXFrameworksBuildPhase;
			buildActionMask = 2147483647;
			files = (
			);
			runOnlyForDeploymentPostprocessing = 0;
		};
/* End PBXFrameworksBuildPhase section */

/* Begin PBXGroup section */
		9A46CF3A28DD90E400118863 = {
			isa = PBXGroup;
			children = (
				9A46CF4528DD90E400118863 /* GameCounter */,
				9A46CF4428DD90E400118863 /* Products */,
			);
			sourceTree = "<group>";
		};
		9A46CF4428DD90E400118863 /* Products */ = {
			isa = PBXGroup;
			children = (
				9A46CF4328DD90E400118863 /* GameCounter.app */,
			);
			name = Products;
			sourceTree = "<group>";
		};
		9A46CF4528DD90E400118863 /* GameCounter */ = {
			isa = PBXGroup;
			children = (
				9A46CF4628DD90E400118863 /* AppDelegate.swift */,
				9A46CF5A28DD954E00118863 /* NewGameViewController.swift */,
				9A6CF42928DF2EFF0019652D /* AddPlayerViewController.swift */,
				9A6E4D9028E31D85003EC80F /* GameViewController.swift */,
				9A6D5F7228EF16AA003BBF4A /* ScoreHandling.swift */,
				9A210B3828EC97CD00254408 /* DiceViewController.swift */,
				9A6E4D9228E32873003EC80F /* PlayerCollectionViewCell.swift */,
				9A6CF42B28DF3B050019652D /* PlayerNameTextField.swift */,
				9A6CF42728DEF3DE0019652D /* PlayerModel.swift */,
				9A46CF7328DE2F4300118863 /* PlayerTableViewCell.swift */,
				9A6CF42528DEE9800019652D /* GameButton.swift */,
				9A46CF6028DDB6F200118863 /* Fonts */,
				9A46CF5E28DD9A6300118863 /* Colors.swift */,
				9A46CF4F28DD90E600118863 /* Assets.xcassets */,
				9A46CF5128DD90E600118863 /* LaunchScreen.storyboard */,
				9A46CF5428DD90E600118863 /* Info.plist */,
			);
			path = GameCounter;
			sourceTree = "<group>";
		};
		9A46CF6028DDB6F200118863 /* Fonts */ = {
			isa = PBXGroup;
			children = (
				9A46CF6128DDB72200118863 /* Nunito-Black.ttf */,
				9A46CF6428DDB72200118863 /* Nunito-Bold.ttf */,
				9A46CF6328DDB72200118863 /* Nunito-ExtraBold.ttf */,
				9A46CF6728DDB72200118863 /* Nunito-ExtraLight.ttf */,
				9A46CF6228DDB72200118863 /* Nunito-Light.ttf */,
				9A46CF6928DDB72200118863 /* Nunito-Medium.ttf */,
				9A46CF6528DDB72200118863 /* Nunito-Regular.ttf */,
				9A46CF6828DDB72200118863 /* Nunito-SemiBold.ttf */,
				9A46CF6628DDB72200118863 /* Nunito-VariableFont_wght.ttf */,
			);
			path = Fonts;
			sourceTree = "<group>";
		};
/* End PBXGroup section */

/* Begin PBXNativeTarget section */
		9A46CF4228DD90E400118863 /* GameCounter */ = {
			isa = PBXNativeTarget;
			buildConfigurationList = 9A46CF5728DD90E600118863 /* Build configuration list for PBXNativeTarget "GameCounter" */;
			buildPhases = (
				9A46CF3F28DD90E400118863 /* Sources */,
				9A46CF4028DD90E400118863 /* Frameworks */,
				9A46CF4128DD90E400118863 /* Resources */,
			);
			buildRules = (
			);
			dependencies = (
			);
			name = GameCounter;
			productName = GameCounter;
			productReference = 9A46CF4328DD90E400118863 /* GameCounter.app */;
			productType = "com.apple.product-type.application";
		};
/* End PBXNativeTarget section */

/* Begin PBXProject section */
		9A46CF3B28DD90E400118863 /* Project object */ = {
			isa = PBXProject;
			attributes = {
				LastSwiftUpdateCheck = 1250;
				LastUpgradeCheck = 1250;
				TargetAttributes = {
					9A46CF4228DD90E400118863 = {
						CreatedOnToolsVersion = 12.5.1;
					};
				};
			};
			buildConfigurationList = 9A46CF3E28DD90E400118863 /* Build configuration list for PBXProject "GameCounter" */;
			compatibilityVersion = "Xcode 9.3";
			developmentRegion = en;
			hasScannedForEncodings = 0;
			knownRegions = (
				en,
				Base,
			);
			mainGroup = 9A46CF3A28DD90E400118863;
			productRefGroup = 9A46CF4428DD90E400118863 /* Products */;
			projectDirPath = "";
			projectRoot = "";
			targets = (
				9A46CF4228DD90E400118863 /* GameCounter */,
			);
		};
/* End PBXProject section */

/* Begin PBXResourcesBuildPhase section */
		9A46CF4128DD90E400118863 /* Resources */ = {
			isa = PBXResourcesBuildPhase;
			buildActionMask = 2147483647;
			files = (
				9A46CF6F28DDB72200118863 /* Nunito-VariableFont_wght.ttf in Resources */,
				9A46CF7228DDB72200118863 /* Nunito-Medium.ttf in Resources */,
				9A46CF5328DD90E600118863 /* LaunchScreen.storyboard in Resources */,
				9A46CF5028DD90E600118863 /* Assets.xcassets in Resources */,
				9A46CF7028DDB72200118863 /* Nunito-ExtraLight.ttf in Resources */,
				9A46CF7128DDB72200118863 /* Nunito-SemiBold.ttf in Resources */,
				9A46CF6C28DDB72200118863 /* Nunito-ExtraBold.ttf in Resources */,
				9A46CF6B28DDB72200118863 /* Nunito-Light.ttf in Resources */,
				9A46CF6E28DDB72200118863 /* Nunito-Regular.ttf in Resources */,
				9A46CF6D28DDB72200118863 /* Nunito-Bold.ttf in Resources */,
				9A46CF6A28DDB72200118863 /* Nunito-Black.ttf in Resources */,
			);
			runOnlyForDeploymentPostprocessing = 0;
		};
/* End PBXResourcesBuildPhase section */

/* Begin PBXSourcesBuildPhase section */
		9A46CF3F28DD90E400118863 /* Sources */ = {
			isa = PBXSourcesBuildPhase;
			buildActionMask = 2147483647;
			files = (
				9A6CF42A28DF2EFF0019652D /* AddPlayerViewController.swift in Sources */,
				9A6D5F7328EF16AA003BBF4A /* ScoreHandling.swift in Sources */,
				9A6CF42828DEF3DE0019652D /* PlayerModel.swift in Sources */,
				9A46CF7428DE2F4300118863 /* PlayerTableViewCell.swift in Sources */,
				9A6CF42C28DF3B050019652D /* PlayerNameTextField.swift in Sources */,
				9A6E4D9128E31D85003EC80F /* GameViewController.swift in Sources */,
				9A210B3928EC97CD00254408 /* DiceViewController.swift in Sources */,
				9A46CF4728DD90E400118863 /* AppDelegate.swift in Sources */,
				9A46CF5F28DD9A6300118863 /* Colors.swift in Sources */,
				9A46CF5B28DD954E00118863 /* NewGameViewController.swift in Sources */,
				9A6CF42628DEE9800019652D /* GameButton.swift in Sources */,
				9A6E4D9328E32873003EC80F /* PlayerCollectionViewCell.swift in Sources */,
			);
			runOnlyForDeploymentPostprocessing = 0;
		};
/* End PBXSourcesBuildPhase section */

/* Begin PBXVariantGroup section */
		9A46CF5128DD90E600118863 /* LaunchScreen.storyboard */ = {
			isa = PBXVariantGroup;
			children = (
				9A46CF5228DD90E600118863 /* Base */,
			);
			name = LaunchScreen.storyboard;
			sourceTree = "<group>";
		};
/* End PBXVariantGroup section */

/* Begin XCBuildConfiguration section */
		9A46CF5528DD90E600118863 /* Debug */ = {
			isa = XCBuildConfiguration;
			buildSettings = {
				ALWAYS_SEARCH_USER_PATHS = NO;
				CLANG_ANALYZER_NONNULL = YES;
				CLANG_ANALYZER_NUMBER_OBJECT_CONVERSION = YES_AGGRESSIVE;
				CLANG_CXX_LANGUAGE_STANDARD = "gnu++14";
				CLANG_CXX_LIBRARY = "libc++";
				CLANG_ENABLE_MODULES = YES;
				CLANG_ENABLE_OBJC_ARC = YES;
				CLANG_ENABLE_OBJC_WEAK = YES;
				CLANG_WARN_BLOCK_CAPTURE_AUTORELEASING = YES;
				CLANG_WARN_BOOL_CONVERSION = YES;
				CLANG_WARN_COMMA = YES;
				CLANG_WARN_CONSTANT_CONVERSION = YES;
				CLANG_WARN_DEPRECATED_OBJC_IMPLEMENTATIONS = YES;
				CLANG_WARN_DIRECT_OBJC_ISA_USAGE = YES_ERROR;
				CLANG_WARN_DOCUMENTATION_COMMENTS = YES;
				CLANG_WARN_EMPTY_BODY = YES;
				CLANG_WARN_ENUM_CONVERSION = YES;
				CLANG_WARN_INFINITE_RECURSION = YES;
				CLANG_WARN_INT_CONVERSION = YES;
				CLANG_WARN_NON_LITERAL_NULL_CONVERSION = YES;
				CLANG_WARN_OBJC_IMPLICIT_RETAIN_SELF = YES;
				CLANG_WARN_OBJC_LITERAL_CONVERSION = YES;
				CLANG_WARN_OBJC_ROOT_CLASS = YES_ERROR;
				CLANG_WARN_QUOTED_INCLUDE_IN_FRAMEWORK_HEADER = YES;
				CLANG_WARN_RANGE_LOOP_ANALYSIS = YES;
				CLANG_WARN_STRICT_PROTOTYPES = YES;
				CLANG_WARN_SUSPICIOUS_MOVE = YES;
				CLANG_WARN_UNGUARDED_AVAILABILITY = YES_AGGRESSIVE;
				CLANG_WARN_UNREACHABLE_CODE = YES;
				CLANG_WARN__DUPLICATE_METHOD_MATCH = YES;
				COPY_PHASE_STRIP = NO;
				DEBUG_INFORMATION_FORMAT = dwarf;
				ENABLE_STRICT_OBJC_MSGSEND = YES;
				ENABLE_TESTABILITY = YES;
				GCC_C_LANGUAGE_STANDARD = gnu11;
				GCC_DYNAMIC_NO_PIC = NO;
				GCC_NO_COMMON_BLOCKS = YES;
				GCC_OPTIMIZATION_LEVEL = 0;
				GCC_PREPROCESSOR_DEFINITIONS = (
					"DEBUG=1",
					"$(inherited)",
				);
				GCC_WARN_64_TO_32_BIT_CONVERSION = YES;
				GCC_WARN_ABOUT_RETURN_TYPE = YES_ERROR;
				GCC_WARN_UNDECLARED_SELECTOR = YES;
				GCC_WARN_UNINITIALIZED_AUTOS = YES_AGGRESSIVE;
				GCC_WARN_UNUSED_FUNCTION = YES;
				GCC_WARN_UNUSED_VARIABLE = YES;
				IPHONEOS_DEPLOYMENT_TARGET = 14.5;
				MTL_ENABLE_DEBUG_INFO = INCLUDE_SOURCE;
				MTL_FAST_MATH = YES;
				ONLY_ACTIVE_ARCH = YES;
				SDKROOT = iphoneos;
				SWIFT_ACTIVE_COMPILATION_CONDITIONS = DEBUG;
				SWIFT_OPTIMIZATION_LEVEL = "-Onone";
			};
			name = Debug;
		};
		9A46CF5628DD90E600118863 /* Release */ = {
			isa = XCBuildConfiguration;
			buildSettings = {
				ALWAYS_SEARCH_USER_PATHS = NO;
				CLANG_ANALYZER_NONNULL = YES;
				CLANG_ANALYZER_NUMBER_OBJECT_CONVERSION = YES_AGGRESSIVE;
				CLANG_CXX_LANGUAGE_STANDARD = "gnu++14";
				CLANG_CXX_LIBRARY = "libc++";
				CLANG_ENABLE_MODULES = YES;
				CLANG_ENABLE_OBJC_ARC = YES;
				CLANG_ENABLE_OBJC_WEAK = YES;
				CLANG_WARN_BLOCK_CAPTURE_AUTORELEASING = YES;
				CLANG_WARN_BOOL_CONVERSION = YES;
				CLANG_WARN_COMMA = YES;
				CLANG_WARN_CONSTANT_CONVERSION = YES;
				CLANG_WARN_DEPRECATED_OBJC_IMPLEMENTATIONS = YES;
				CLANG_WARN_DIRECT_OBJC_ISA_USAGE = YES_ERROR;
				CLANG_WARN_DOCUMENTATION_COMMENTS = YES;
				CLANG_WARN_EMPTY_BODY = YES;
				CLANG_WARN_ENUM_CONVERSION = YES;
				CLANG_WARN_INFINITE_RECURSION = YES;
				CLANG_WARN_INT_CONVERSION = YES;
				CLANG_WARN_NON_LITERAL_NULL_CONVERSION = YES;
				CLANG_WARN_OBJC_IMPLICIT_RETAIN_SELF = YES;
				CLANG_WARN_OBJC_LITERAL_CONVERSION = YES;
				CLANG_WARN_OBJC_ROOT_CLASS = YES_ERROR;
				CLANG_WARN_QUOTED_INCLUDE_IN_FRAMEWORK_HEADER = YES;
				CLANG_WARN_RANGE_LOOP_ANALYSIS = YES;
				CLANG_WARN_STRICT_PROTOTYPES = YES;
				CLANG_WARN_SUSPICIOUS_MOVE = YES;
				CLANG_WARN_UNGUARDED_AVAILABILITY = YES_AGGRESSIVE;
				CLANG_WARN_UNREACHABLE_CODE = YES;
				CLANG_WARN__DUPLICATE_METHOD_MATCH = YES;
				COPY_PHASE_STRIP = NO;
				DEBUG_INFORMATION_FORMAT = "dwarf-with-dsym";
				ENABLE_NS_ASSERTIONS = NO;
				ENABLE_STRICT_OBJC_MSGSEND = YES;
				GCC_C_LANGUAGE_STANDARD = gnu11;
				GCC_NO_COMMON_BLOCKS = YES;
				GCC_WARN_64_TO_32_BIT_CONVERSION = YES;
				GCC_WARN_ABOUT_RETURN_TYPE = YES_ERROR;
				GCC_WARN_UNDECLARED_SELECTOR = YES;
				GCC_WARN_UNINITIALIZED_AUTOS = YES_AGGRESSIVE;
				GCC_WARN_UNUSED_FUNCTION = YES;
				GCC_WARN_UNUSED_VARIABLE = YES;
				IPHONEOS_DEPLOYMENT_TARGET = 14.5;
				MTL_ENABLE_DEBUG_INFO = NO;
				MTL_FAST_MATH = YES;
				SDKROOT = iphoneos;
				SWIFT_COMPILATION_MODE = wholemodule;
				SWIFT_OPTIMIZATION_LEVEL = "-O";
				VALIDATE_PRODUCT = YES;
			};
			name = Release;
		};
		9A46CF5828DD90E600118863 /* Debug */ = {
			isa = XCBuildConfiguration;
			buildSettings = {
				ASSETCATALOG_COMPILER_APPICON_NAME = AppIcon;
				ASSETCATALOG_COMPILER_GLOBAL_ACCENT_COLOR_NAME = AccentColor;
				CODE_SIGN_STYLE = Automatic;
				DEVELOPMENT_TEAM = UZBZZ66925;
				INFOPLIST_FILE = GameCounter/Info.plist;
				IPHONEOS_DEPLOYMENT_TARGET = 12.1;
				LD_RUNPATH_SEARCH_PATHS = (
					"$(inherited)",
					"@executable_path/Frameworks",
				);
				PRODUCT_BUNDLE_IDENTIFIER = com.danielbelokursky.GameCounter;
				PRODUCT_NAME = "$(TARGET_NAME)";
				SWIFT_VERSION = 5.0;
				TARGETED_DEVICE_FAMILY = "1,2";
			};
			name = Debug;
		};
		9A46CF5928DD90E600118863 /* Release */ = {
			isa = XCBuildConfiguration;
			buildSettings = {
				ASSETCATALOG_COMPILER_APPICON_NAME = AppIcon;
				ASSETCATALOG_COMPILER_GLOBAL_ACCENT_COLOR_NAME = AccentColor;
				CODE_SIGN_STYLE = Automatic;
				DEVELOPMENT_TEAM = UZBZZ66925;
				INFOPLIST_FILE = GameCounter/Info.plist;
				IPHONEOS_DEPLOYMENT_TARGET = 12.1;
				LD_RUNPATH_SEARCH_PATHS = (
					"$(inherited)",
					"@executable_path/Frameworks",
				);
				PRODUCT_BUNDLE_IDENTIFIER = com.danielbelokursky.GameCounter;
				PRODUCT_NAME = "$(TARGET_NAME)";
				SWIFT_VERSION = 5.0;
				TARGETED_DEVICE_FAMILY = "1,2";
			};
			name = Release;
		};
/* End XCBuildConfiguration section */

/* Begin XCConfigurationList section */
		9A46CF3E28DD90E400118863 /* Build configuration list for PBXProject "GameCounter" */ = {
			isa = XCConfigurationList;
			buildConfigurations = (
				9A46CF5528DD90E600118863 /* Debug */,
				9A46CF5628DD90E600118863 /* Release */,
			);
			defaultConfigurationIsVisible = 0;
			defaultConfigurationName = Release;
		};
		9A46CF5728DD90E600118863 /* Build configuration list for PBXNativeTarget "GameCounter" */ = {
			isa = XCConfigurationList;
			buildConfigurations = (
				9A46CF5828DD90E600118863 /* Debug */,
				9A46CF5928DD90E600118863 /* Release */,
			);
			defaultConfigurationIsVisible = 0;
			defaultConfigurationName = Release;
		};
/* End XCConfigurationList section */
	};
	rootObject = 9A46CF3B28DD90E400118863 /* Project object */;
}
